{
    "version": "0.5",
    "requires": [
        "zlib/1.3.2#1cb806da49011867778ffb6ac7190fcb%1778943393.698",
        "tiny-aes-c/1.0.0#0f0a930c53a0d33d5a91a4c930f836ab%1750950589.092",
        "spdlog/1.17.0#bcbaaf7147bda6ad24ffbd1ac3d7142c%1767636069.964",
        "openssl/3.6.3#b4bb3a8c7e7ede15b767fead90c11688%1781561929.402",
        "lmdb/0.9.32#062e23b9624da8798d818cf697a2d6ba%1750950583.492",
        "gmp/6.3.0#187de23af494e24e69bf9dfc1966a60d%1762775034.77",
        "fmt/12.1.0#50abab23274d56bb8f42c94b3b9a40c7%1761885265.231",
        "ctre/3.10.0#3f970a74e5cc3ba1a8ccb8e7f513062f%1755247138.192",
        "boost/1.91.0#ea540ca2133d831b560036aa24dece3c%1778050991.9"
    ],
    "build_requires": [
        "secp256k1-precompute/1.0.0#53841449a185e25ee2337aa5e4f3583f%1751564430.278",
        "ninja/1.13.2#c8c5dc2a52ed6e4e42a66d75b4717ceb%1764096931.974",
        "m4/1.4.19#34c4bbc3eeebe98ca6edf2f52d602e7d%1777282960.259",
        "emsdk/5.0.3#44c9153a6748865576bbd1031e43301c%1781559821.604473",
        "cmake/4.3.3#840cf00ea09777e05c2050a50a82c722%1781521538.233"
    ],
    "python_requires": [],
    "config_requires": []
}
