{
    "version": "0.5",
    "requires": [
        "zlib/1.3.1#b8bc2603263cf7eccbd6e17e66b0ed76%1736442063.163",
        "tiny-aes-c/1.0.0#0f0a930c53a0d33d5a91a4c930f836ab%1750950589.092",
        "spdlog/1.16.0#942c2c39562ae25ba575d9c8e2bdf3b6%1760375663.769",
        "openssl/3.6.0#89e8af1d4a21afcac0557079d23d8890%1762777723.515",
        "lmdb/0.9.32#062e23b9624da8798d818cf697a2d6ba%1750950583.492",
        "gmp/6.3.0#187de23af494e24e69bf9dfc1966a60d%1762775034.77",
        "fmt/12.0.0#dc7de7f3968e5d6b377f27b7d0f33916%1758262922.745",
        "ctre/3.10.0#3f970a74e5cc3ba1a8ccb8e7f513062f%1755247138.192",
        "boost/1.89.0#010f59feedfd171b15f467b42f723d13%1763743419.408"
    ],
    "build_requires": [
        "secp256k1-precompute/1.0.0#53841449a185e25ee2337aa5e4f3583f%1751564430.278",
        "nodejs/16.3.0#a7eaed2d69910ba185e2ddce7a926cd1%1699800365.225",
        "m4/1.4.19#b38ced39a01e31fef5435bc634461fd2%1700758725.451",
        "emsdk/3.1.73#7dd9b10cfb811b620856f87c3a71c070%1733421474.308",
        "cmake/4.1.3#d862653d72f0d0560c0bd2f356cba3e7%1763665421.934"
    ],
    "python_requires": [],
    "config_requires": []
}
