{
    "version": "0.5",
    "requires": [
        "zlib/1.3.1#b8bc2603263cf7eccbd6e17e66b0ed76%1736442063.163",
        "tiny-aes-c/1.0.0#0f0a930c53a0d33d5a91a4c930f836ab%1750950589.092",
        "spdlog/1.16.0#942c2c39562ae25ba575d9c8e2bdf3b6%1760375663.769",
        "openssl/3.6.0#89e8af1d4a21afcac0557079d23d8890%1759746682.365",
        "lmdb/0.9.32#062e23b9624da8798d818cf697a2d6ba%1750950583.492",
        "libiconv/1.17#1e65319e945f2d31941a9d28cc13c058%1751603408.655",
        "libbacktrace/cci.20210118#a7691bfccd8caaf66309df196790a5a1%1725632951.012",
        "gmp/6.3.0#187de23af494e24e69bf9dfc1966a60d%1762775034.77",
        "fmt/12.0.0#dc7de7f3968e5d6b377f27b7d0f33916%1758262922.745",
        "expected-lite/0.9.0#d20324d8ae346eca72fb114683455136%1750939162.625",
        "ctre/3.10.0#3f970a74e5cc3ba1a8ccb8e7f513062f%1755247138.192",
        "catch2/3.11.0#a560b55882ff2deb1f4bafad832a1b98%1762775012.454",
        "bzip2/1.0.8#00b4a4658791c1f06914e087f0e792f5%1744714891.077",
        "boost/1.86.0#514cca6b72ee8e0da1318a177e5d6c06%1762775395.299"
    ],
    "build_requires": [
        "secp256k1-precompute/1.0.0#53841449a185e25ee2337aa5e4f3583f%1751564430.278",
        "m4/1.4.19#b38ced39a01e31fef5435bc634461fd2%1700758725.451",
        "cmake/4.1.2#6f844b9ec4e0e29d4f1232f9c5039901%1761647877.842",
        "cmake/3.31.9#f9b9bb4bdfa37937619a33e9218703a6%1761647880.115",
        "b2/5.3.3#107c15377719889654eb9a162a673975%1750340310.079"
    ],
    "python_requires": [],
    "config_requires": []
}