{
    "version": "0.5",
    "requires": [
        "zlib/1.3.1#b8bc2603263cf7eccbd6e17e66b0ed76%1736442063.163",
        "tiny-aes-c/1.0.0#0f0a930c53a0d33d5a91a4c930f836ab%1750950589.092",
        "spdlog/1.15.3#3ca0e9e6b83af4d0151e26541d140c86%1748617970.519",
        "openssl/3.4.1#afcaa66ae3020340af2d5641a475b5ae%1750950640.572",
        "lmdb/0.9.32#062e23b9624da8798d818cf697a2d6ba%1750950583.492",
        "libiconv/1.17#1e65319e945f2d31941a9d28cc13c058%1751603408.655",
        "libbacktrace/cci.20210118#a7691bfccd8caaf66309df196790a5a1%1725632951.012",
        "gmp/6.3.0#5d35f59231802942e55c6814711cb035%1749564780.56",
        "fmt/11.2.0#579bb2cdf4a7607621beea4eb4651e0f%1746298708.362",
        "expected-lite/0.8.0#f87b3ec27a4f46894950b70f8d08af24%1717770563.402",
        "ctre/3.8.1#40ac42de50d5ff58fdee27f3f13a9ada%1697312280.727",
        "catch2/3.6.0#c25921b857112b605fa54b0906d6b474%1751466720.993",
        "bzip2/1.0.8#00b4a4658791c1f06914e087f0e792f5%1744714891.077",
        "boost/1.86.0#e140bfd5df95b42d0ff366b41c46d08b%1753697554.713"
    ],
    "build_requires": [
        "secp256k1-precompute/1.0.0#53841449a185e25ee2337aa5e4f3583f%1751564430.278",
        "m4/1.4.19#b38ced39a01e31fef5435bc634461fd2%1700758725.451",
        "b2/5.3.3#107c15377719889654eb9a162a673975%1750340310.079"
    ],
    "python_requires": [],
    "config_requires": []
}