{
    "version": "0.5",
    "requires": [
        "zlib/1.3.2#1cb806da49011867778ffb6ac7190fcb%1777558780.503",
        "utxoz/0.9.1#cf72ca058a4808769921fffccd4ee5f0%1786378940.406",
        "tiny-aes-c/1.0.0#0f0a930c53a0d33d5a91a4c930f836ab%1743667795.615",
        "spdlog/1.17.0#bcbaaf7147bda6ad24ffbd1ac3d7142c%1767636069.964",
        "simdutf/9.0.0#b9af8a9a869a7fef21a9374d4335cf22%1779790472.899",
        "simdjson/4.2.2#4cd3a478d2f19e70c78c8ef72b8e0c5d%1763286123.103",
        "openssl/3.6.3#a81313131c78c6414f25b5fe0a83204b%1783446193.901",
        "nanobench/4.3.11#451238cbe0a462f1d639dfae31029d51%1701779621.251",
        "lmdb/0.9.32#062e23b9624da8798d818cf697a2d6ba%1741857861.053",
        "llhttp/9.3.0#47ecab9f4de3ea234c2ee9b9f825e411%1753257373.988",
        "libbacktrace/cci.20210118#a7691bfccd8caaf66309df196790a5a1%1722218217.276",
        "gmp/6.3.0#187de23af494e24e69bf9dfc1966a60d%1762267612.152",
        "ftxui/6.1.9#053f78ab577d2d787fce0cd2e72bfa69%1748517521.121",
        "fmt/12.1.0#50abab23274d56bb8f42c94b3b9a40c7%1761885265.231",
        "ctre/3.11.0#76a2e6416234562faeb526f925a5c1a8%1781881865.801",
        "cli11/2.6.2#312ccb795ff5b571d9f4b1a3637b1eee%1776949795.774",
        "catch2/3.15.2#b16b3826eda0625d87c766722c6a43f4%1783695959.434",
        "catch2/3.15.0#dad1ca2786e3f2c80129053a4ddc094f%1779369722.174",
        "bzip2/1.0.8#c470882369c2d95c5c77e970c0c7e321%1762886692.465",
        "boost/1.91.0#9b41246fdc6288d648e8ad5b1649fbaf%1783338724.114",
        "asio/1.38.2#fa7a17c05a4323a6b2d39b25175cca36%1784597712.514"
    ],
    "build_requires": [
        "secp256k1-precompute/1.0.0#53841449a185e25ee2337aa5e4f3583f%1751564430.278",
        "m4/1.4.19#1727f439cf74e83826ec96d0b4904eee%1784541921.659",
        "cmake/4.4.0#a5dd5d73bd9fc56b0fc3163a04573dc8%1784051561.926",
        "b2/5.5.3#043a75bcbb090e3f81f7ac849850d0ca%1784261134.143"
    ],
    "python_requires": [],
    "config_requires": []
}
